
Microsoft Visual Studio Solution File, Format Version 12.00
# Visual Studio Version 17
VisualStudioVersion = 17.5.33424.131
MinimumVisualStudioVersion = 10.0.40219.1
Project("{FAE04EC0-301F-11D3-BF4B-00C04F79EFBC}") = "Dapper_dz", "practica1\Dapper_dz.csproj", "{9DE1C779-B228-47B5-9627-3453C0BBF11C}"
EndProject
Global
	GlobalSection(SolutionConfigurationPlatforms) = preSolution
		Debug|Any CPU = Debug|Any CPU
		Release|Any CPU = Release|Any CPU
	EndGlobalSection
	GlobalSection(ProjectConfigurationPlatforms) = postSolution
		{9DE1C779-B228-47B5-9627-3453C0BBF11C}.Debug|Any CPU.ActiveCfg = Debug|Any CPU
		{9DE1C779-B228-47B5-9627-3453C0BBF11C}.Debug|Any CPU.Build.0 = Debug|Any CPU
		{9DE1C779-B228-47B5-9627-3453C0BBF11C}.Release|Any CPU.ActiveCfg = Release|Any CPU
		{9DE1C779-B228-47B5-9627-3453C0BBF11C}.Release|Any CPU.Build.0 = Release|Any CPU
	EndGlobalSection
	GlobalSection(SolutionProperties) = preSolution
		HideSolutionNode = FALSE
	EndGlobalSection
	GlobalSection(ExtensibilityGlobals) = postSolution
		SolutionGuid = {82FA9521-2AC4-4778-8860-B4F90E66E337}
	EndGlobalSection
EndGlobal
